PODS:
  - AFNetworking (3.2.1):
    - AFNetworking/NSURLSession (= 3.2.1)
    - AFNetworking/Reachability (= 3.2.1)
    - AFNetworking/Security (= 3.2.1)
    - AFNetworking/Serialization (= 3.2.1)
    - AFNetworking/UIKit (= 3.2.1)
  - AFNetworking/NSURLSession (3.2.1):
    - AFNetworking/Reachability
    - AFNetworking/Security
    - AFNetworking/Serialization
  - AFNetworking/Reachability (3.2.1)
  - AFNetworking/Security (3.2.1)
  - AFNetworking/Serialization (3.2.1)
  - AFNetworking/UIKit (3.2.1):
    - AFNetworking/NSURLSession
  - FLEX (2.4.0)
  - Masonry (1.1.0)
  - QMUIKit (2.7.4):
    - QMUIKit/QMUIComponents (= 2.7.4)
    - QMUIKit/QMUICore (= 2.7.4)
    - QMUIKit/QMUILog (= 2.7.4)
    - QMUIKit/QMUIMainFrame (= 2.7.4)
    - QMUIKit/QMUIResources (= 2.7.4)
    - QMUIKit/QMUIWeakObjectContainer (= 2.7.4)
  - QMUIKit/QMUIComponents (2.7.4):
    - QMUIKit/QMUIComponents/NavigationBarTransition (= 2.7.4)
    - QMUIKit/QMUIComponents/QMUIAlertController (= 2.7.4)
    - QMUIKit/QMUIComponents/QMUIAssetLibrary (= 2.7.4)
    - QMUIKit/QMUIComponents/QMUIBadge (= 2.7.4)
    - QMUIKit/QMUIComponents/QMUIButton (= 2.7.4)
    - QMUIKit/QMUIComponents/QMUICellHeightCache (= 2.7.4)
    - QMUIKit/QMUIComponents/QMUICellHeightKeyCache (= 2.7.4)
    - QMUIKit/QMUIComponents/QMUICellSizeKeyCache (= 2.7.4)
    - QMUIKit/QMUIComponents/QMUICollectionViewPagingLayout (= 2.7.4)
    - QMUIKit/QMUIComponents/QMUIDialogViewController (= 2.7.4)
    - QMUIKit/QMUIComponents/QMUIEmotionInputManager (= 2.7.4)
    - QMUIKit/QMUIComponents/QMUIEmotionView (= 2.7.4)
    - QMUIKit/QMUIComponents/QMUIEmptyView (= 2.7.4)
    - QMUIKit/QMUIComponents/QMUIFillButton (= 2.7.4)
    - QMUIKit/QMUIComponents/QMUIFloatLayoutView (= 2.7.4)
    - QMUIKit/QMUIComponents/QMUIGhostButton (= 2.7.4)
    - QMUIKit/QMUIComponents/QMUIGridView (= 2.7.4)
    - QMUIKit/QMUIComponents/QMUIImagePickerLibrary (= 2.7.4)
    - QMUIKit/QMUIComponents/QMUIImagePreviewView (= 2.7.4)
    - QMUIKit/QMUIComponents/QMUIImagePreviewViewController (= 2.7.4)
    - QMUIKit/QMUIComponents/QMUIKeyboardManager (= 2.7.4)
    - QMUIKit/QMUIComponents/QMUILabel (= 2.7.4)
    - QMUIKit/QMUIComponents/QMUILinkButton (= 2.7.4)
    - QMUIKit/QMUIComponents/QMUILogManagerViewController (= 2.7.4)
    - QMUIKit/QMUIComponents/QMUILogWithConfigurationSupported (= 2.7.4)
    - QMUIKit/QMUIComponents/QMUIMarqueeLabel (= 2.7.4)
    - QMUIKit/QMUIComponents/QMUIModalPresentationViewController (= 2.7.4)
    - QMUIKit/QMUIComponents/QMUIMoreOperationController (= 2.7.4)
    - QMUIKit/QMUIComponents/QMUIMultipleDelegates (= 2.7.4)
    - QMUIKit/QMUIComponents/QMUINavigationButton (= 2.7.4)
    - QMUIKit/QMUIComponents/QMUINavigationTitleView (= 2.7.4)
    - QMUIKit/QMUIComponents/QMUIOrderedDictionary (= 2.7.4)
    - QMUIKit/QMUIComponents/QMUIPieProgressView (= 2.7.4)
    - QMUIKit/QMUIComponents/QMUIPopupContainerView (= 2.7.4)
    - QMUIKit/QMUIComponents/QMUIPopupMenuView (= 2.7.4)
    - QMUIKit/QMUIComponents/QMUISearchBar (= 2.7.4)
    - QMUIKit/QMUIComponents/QMUISearchController (= 2.7.4)
    - QMUIKit/QMUIComponents/QMUISegmentedControl (= 2.7.4)
    - QMUIKit/QMUIComponents/QMUISlider (= 2.7.4)
    - QMUIKit/QMUIComponents/QMUIStaticTableView (= 2.7.4)
    - QMUIKit/QMUIComponents/QMUITableView (= 2.7.4)
    - QMUIKit/QMUIComponents/QMUITableViewCell (= 2.7.4)
    - QMUIKit/QMUIComponents/QMUITableViewHeaderFooterView (= 2.7.4)
    - QMUIKit/QMUIComponents/QMUITableViewProtocols (= 2.7.4)
    - QMUIKit/QMUIComponents/QMUITestView (= 2.7.4)
    - QMUIKit/QMUIComponents/QMUITextField (= 2.7.4)
    - QMUIKit/QMUIComponents/QMUITextView (= 2.7.4)
    - QMUIKit/QMUIComponents/QMUITips (= 2.7.4)
    - QMUIKit/QMUIComponents/QMUIToastView (= 2.7.4)
    - QMUIKit/QMUIComponents/QMUIToolbarButton (= 2.7.4)
    - QMUIKit/QMUIComponents/QMUIVisualEffectView (= 2.7.4)
    - QMUIKit/QMUIComponents/QMUIZoomImageView (= 2.7.4)
    - QMUIKit/QMUICore
  - QMUIKit/QMUIComponents/NavigationBarTransition (2.7.4):
    - QMUIKit/QMUIComponents/QMUINavigationTitleView
    - QMUIKit/QMUICore
    - QMUIKit/QMUIMainFrame
  - QMUIKit/QMUIComponents/QMUIAlertController (2.7.4):
    - QMUIKit/QMUIComponents/QMUIButton
    - QMUIKit/QMUIComponents/QMUIModalPresentationViewController
    - QMUIKit/QMUIComponents/QMUITextField
    - QMUIKit/QMUICore
  - QMUIKit/QMUIComponents/QMUIAssetLibrary (2.7.4):
    - QMUIKit/QMUICore
  - QMUIKit/QMUIComponents/QMUIBadge (2.7.4):
    - QMUIKit/QMUIComponents/QMUILabel
    - QMUIKit/QMUICore
  - QMUIKit/QMUIComponents/QMUIButton (2.7.4):
    - QMUIKit/QMUICore
  - QMUIKit/QMUIComponents/QMUICellHeightCache (2.7.4):
    - QMUIKit/QMUIComponents/QMUITableViewProtocols
    - QMUIKit/QMUICore
  - QMUIKit/QMUIComponents/QMUICellHeightKeyCache (2.7.4):
    - QMUIKit/QMUIComponents/QMUITableViewProtocols
    - QMUIKit/QMUICore
  - QMUIKit/QMUIComponents/QMUICellSizeKeyCache (2.7.4):
    - QMUIKit/QMUICore
  - QMUIKit/QMUIComponents/QMUICollectionViewPagingLayout (2.7.4):
    - QMUIKit/QMUICore
  - QMUIKit/QMUIComponents/QMUIDialogViewController (2.7.4):
    - QMUIKit/QMUIComponents/QMUIButton
    - QMUIKit/QMUIComponents/QMUILabel
    - QMUIKit/QMUIComponents/QMUIModalPresentationViewController
    - QMUIKit/QMUIComponents/QMUINavigationTitleView
    - QMUIKit/QMUIComponents/QMUITableView
    - QMUIKit/QMUIComponents/QMUITableViewCell
    - QMUIKit/QMUIComponents/QMUITextField
    - QMUIKit/QMUICore
    - QMUIKit/QMUIMainFrame
  - QMUIKit/QMUIComponents/QMUIEmotionInputManager (2.7.4):
    - QMUIKit/QMUIComponents/QMUIEmotionView
    - QMUIKit/QMUICore
  - QMUIKit/QMUIComponents/QMUIEmotionView (2.7.4):
    - QMUIKit/QMUIComponents/QMUIButton
    - QMUIKit/QMUICore
    - QMUIKit/QMUIResources
  - QMUIKit/QMUIComponents/QMUIEmptyView (2.7.4):
    - QMUIKit/QMUICore
  - QMUIKit/QMUIComponents/QMUIFillButton (2.7.4):
    - QMUIKit/QMUIComponents/QMUIButton
    - QMUIKit/QMUICore
  - QMUIKit/QMUIComponents/QMUIFloatLayoutView (2.7.4):
    - QMUIKit/QMUICore
  - QMUIKit/QMUIComponents/QMUIGhostButton (2.7.4):
    - QMUIKit/QMUIComponents/QMUIButton
    - QMUIKit/QMUICore
  - QMUIKit/QMUIComponents/QMUIGridView (2.7.4):
    - QMUIKit/QMUICore
  - QMUIKit/QMUIComponents/QMUIImagePickerLibrary (2.7.4):
    - QMUIKit/QMUIComponents/QMUIAlertController
    - QMUIKit/QMUIComponents/QMUIAssetLibrary
    - QMUIKit/QMUIComponents/QMUIButton
    - QMUIKit/QMUIComponents/QMUIEmptyView
    - QMUIKit/QMUIComponents/QMUIImagePreviewViewController
    - QMUIKit/QMUIComponents/QMUINavigationButton
    - QMUIKit/QMUIComponents/QMUITableViewCell
    - QMUIKit/QMUIComponents/QMUIZoomImageView
    - QMUIKit/QMUICore
    - QMUIKit/QMUIMainFrame
    - QMUIKit/QMUIResources
  - QMUIKit/QMUIComponents/QMUIImagePreviewView (2.7.4):
    - QMUIKit/QMUIComponents/QMUIButton
    - QMUIKit/QMUIComponents/QMUICollectionViewPagingLayout
    - QMUIKit/QMUIComponents/QMUIEmptyView
    - QMUIKit/QMUIComponents/QMUIPieProgressView
    - QMUIKit/QMUIComponents/QMUIZoomImageView
    - QMUIKit/QMUICore
  - QMUIKit/QMUIComponents/QMUIImagePreviewViewController (2.7.4):
    - QMUIKit/QMUIComponents/QMUIImagePreviewView
    - QMUIKit/QMUICore
    - QMUIKit/QMUIMainFrame
  - QMUIKit/QMUIComponents/QMUIKeyboardManager (2.7.4):
    - QMUIKit/QMUICore
  - QMUIKit/QMUIComponents/QMUILabel (2.7.4):
    - QMUIKit/QMUICore
  - QMUIKit/QMUIComponents/QMUILinkButton (2.7.4):
    - QMUIKit/QMUIComponents/QMUIButton
    - QMUIKit/QMUICore
  - QMUIKit/QMUIComponents/QMUILogManagerViewController (2.7.4):
    - QMUIKit/QMUIComponents/QMUIPopupMenuView
    - QMUIKit/QMUIComponents/QMUISearchController
    - QMUIKit/QMUIComponents/QMUIStaticTableView
    - QMUIKit/QMUIComponents/QMUITableView
    - QMUIKit/QMUICore
    - QMUIKit/QMUIMainFrame
  - QMUIKit/QMUIComponents/QMUILogWithConfigurationSupported (2.7.4):
    - QMUIKit/QMUICore
  - QMUIKit/QMUIComponents/QMUIMarqueeLabel (2.7.4):
    - QMUIKit/QMUICore
  - QMUIKit/QMUIComponents/QMUIModalPresentationViewController (2.7.4):
    - QMUIKit/QMUIComponents/QMUIKeyboardManager
    - QMUIKit/QMUICore
  - QMUIKit/QMUIComponents/QMUIMoreOperationController (2.7.4):
    - QMUIKit/QMUIComponents/QMUIButton
    - QMUIKit/QMUIComponents/QMUIModalPresentationViewController
    - QMUIKit/QMUICore
  - QMUIKit/QMUIComponents/QMUIMultipleDelegates (2.7.4):
    - QMUIKit/QMUICore
  - QMUIKit/QMUIComponents/QMUINavigationButton (2.7.4):
    - QMUIKit/QMUICore
    - QMUIKit/QMUIMainFrame
  - QMUIKit/QMUIComponents/QMUINavigationTitleView (2.7.4):
    - QMUIKit/QMUIComponents/QMUIButton
    - QMUIKit/QMUICore
  - QMUIKit/QMUIComponents/QMUIOrderedDictionary (2.7.4):
    - QMUIKit/QMUICore
  - QMUIKit/QMUIComponents/QMUIPieProgressView (2.7.4):
    - QMUIKit/QMUICore
  - QMUIKit/QMUIComponents/QMUIPopupContainerView (2.7.4):
    - QMUIKit/QMUICore
    - QMUIKit/QMUIMainFrame
  - QMUIKit/QMUIComponents/QMUIPopupMenuView (2.7.4):
    - QMUIKit/QMUIComponents/QMUIButton
    - QMUIKit/QMUIComponents/QMUIPopupContainerView
    - QMUIKit/QMUICore
  - QMUIKit/QMUIComponents/QMUISearchBar (2.7.4):
    - QMUIKit/QMUICore
  - QMUIKit/QMUIComponents/QMUISearchController (2.7.4):
    - QMUIKit/QMUIComponents/QMUIEmptyView
    - QMUIKit/QMUIComponents/QMUISearchBar
    - QMUIKit/QMUICore
    - QMUIKit/QMUIMainFrame
  - QMUIKit/QMUIComponents/QMUISegmentedControl (2.7.4):
    - QMUIKit/QMUICore
  - QMUIKit/QMUIComponents/QMUISlider (2.7.4):
    - QMUIKit/QMUICore
  - QMUIKit/QMUIComponents/QMUIStaticTableView (2.7.4):
    - QMUIKit/QMUIComponents/QMUITableViewCell
    - QMUIKit/QMUICore
  - QMUIKit/QMUIComponents/QMUITableView (2.7.4):
    - QMUIKit/QMUIComponents/QMUITableViewProtocols
    - QMUIKit/QMUICore
  - QMUIKit/QMUIComponents/QMUITableViewCell (2.7.4):
    - QMUIKit/QMUIComponents/QMUIButton
    - QMUIKit/QMUICore
  - QMUIKit/QMUIComponents/QMUITableViewHeaderFooterView (2.7.4):
    - QMUIKit/QMUICore
  - QMUIKit/QMUIComponents/QMUITableViewProtocols (2.7.4):
    - QMUIKit/QMUICore
  - QMUIKit/QMUIComponents/QMUITestView (2.7.4):
    - QMUIKit/QMUICore
  - QMUIKit/QMUIComponents/QMUITextField (2.7.4):
    - QMUIKit/QMUIComponents/QMUIMultipleDelegates
    - QMUIKit/QMUICore
  - QMUIKit/QMUIComponents/QMUITextView (2.7.4):
    - QMUIKit/QMUIComponents/QMUILabel
    - QMUIKit/QMUIComponents/QMUIMultipleDelegates
    - QMUIKit/QMUICore
  - QMUIKit/QMUIComponents/QMUITips (2.7.4):
    - QMUIKit/QMUIComponents/QMUIToastView
    - QMUIKit/QMUICore
    - QMUIKit/QMUIResources
  - QMUIKit/QMUIComponents/QMUIToastView (2.7.4):
    - QMUIKit/QMUIComponents/QMUIKeyboardManager
    - QMUIKit/QMUICore
  - QMUIKit/QMUIComponents/QMUIToolbarButton (2.7.4):
    - QMUIKit/QMUICore
  - QMUIKit/QMUIComponents/QMUIVisualEffectView (2.7.4):
    - QMUIKit/QMUICore
  - QMUIKit/QMUIComponents/QMUIZoomImageView (2.7.4):
    - QMUIKit/QMUIComponents/QMUIAssetLibrary
    - QMUIKit/QMUIComponents/QMUIButton
    - QMUIKit/QMUIComponents/QMUIEmptyView
    - QMUIKit/QMUIComponents/QMUIPieProgressView
    - QMUIKit/QMUIComponents/QMUISlider
    - QMUIKit/QMUICore
  - QMUIKit/QMUICore (2.7.4):
    - QMUIKit/QMUILog
    - QMUIKit/QMUIWeakObjectContainer
  - QMUIKit/QMUILog (2.7.4)
  - QMUIKit/QMUIMainFrame (2.7.4):
    - QMUIKit/QMUIComponents/QMUIEmptyView
    - QMUIKit/QMUIComponents/QMUIKeyboardManager
    - QMUIKit/QMUIComponents/QMUIMultipleDelegates
    - QMUIKit/QMUIComponents/QMUINavigationTitleView
    - QMUIKit/QMUIComponents/QMUITableView
    - QMUIKit/QMUIComponents/QMUITableViewHeaderFooterView
    - QMUIKit/QMUICore
    - QMUIKit/QMUILog
  - QMUIKit/QMUIResources (2.7.4)
  - QMUIKit/QMUIWeakObjectContainer (2.7.4)
  - SDWebImage (4.4.2):
    - SDWebImage/Core (= 4.4.2)
  - SDWebImage/Core (4.4.2)

DEPENDENCIES:
  - AFNetworking
  - FLEX (~> 2.0)
  - Masonry
  - QMUIKit
  - SDWebImage

SPEC REPOS:
  https://github.com/cocoapods/specs.git:
    - AFNetworking
    - FLEX
    - Masonry
    - QMUIKit
    - SDWebImage

SPEC CHECKSUMS:
  AFNetworking: b6f891fdfaed196b46c7a83cf209e09697b94057
  FLEX: bd1a39e55b56bb413b6f1b34b3c10a0dc44ef079
  Masonry: 678fab65091a9290e40e2832a55e7ab731aad201
  QMUIKit: 51e026eca2a593095a7236f9d2c4b1b30490423f
  SDWebImage: 624d6e296c69b244bcede364c72ae0430ac14681

PODFILE CHECKSUM: cab75cb6455301fb2e52aa6c18652216bc440833

COCOAPODS: 1.5.3
